
Microsoft Visual Studio Solution File, Format Version 12.00
# Visual Studio 15
VisualStudioVersion = 15.0.27130.2036
MinimumVisualStudioVersion = 10.0.40219.1
Project("{FAE04EC0-301F-11D3-BF4B-00C04F79EFBC}") = "CdgLib", "CdgLib\CdgLib.csproj", "{3203DFD2-DA5B-47B3-B009-18DD9C401FC3}"
EndProject
Project("{FAE04EC0-301F-11D3-BF4B-00C04F79EFBC}") = "KaraokePlayer", "KaraokePlayer\KaraokePlayer.csproj", "{2CF318E2-04B5-40FC-9577-6DAC62B86FB2}"
	ProjectSection(ProjectDependencies) = postProject
		{A5324295-6BD2-4415-92CD-6EA77D708E00} = {A5324295-6BD2-4415-92CD-6EA77D708E00}
		{3203DFD2-DA5B-47B3-B009-18DD9C401FC3} = {3203DFD2-DA5B-47B3-B009-18DD9C401FC3}
	EndProjectSection
EndProject
Project("{FAE04EC0-301F-11D3-BF4B-00C04F79EFBC}") = "CdgPlayer", "CdgPlayer\CdgPlayer.csproj", "{A5324295-6BD2-4415-92CD-6EA77D708E00}"
EndProject
Project("{FAE04EC0-301F-11D3-BF4B-00C04F79EFBC}") = "KaraokePlayerWpf", "KaraokePlayerWpf\KaraokePlayerWpf.csproj", "{33759E37-E2C6-4293-86A1-D1FEFBB957A7}"
EndProject
Project("{FAE04EC0-301F-11D3-BF4B-00C04F79EFBC}") = "CdgPlayerWpf", "CdgPlayerWpf\CdgPlayerWpf.csproj", "{40B6FC5F-E142-4D05-907D-F89DE7DAB4B5}"
EndProject
Project("{FAE04EC0-301F-11D3-BF4B-00C04F79EFBC}") = "ImageFilters", "ImageFilters\ImageFilters.csproj", "{FFE75762-F853-4EC8-9594-7BBDB4B8D87D}"
EndProject
Global
	GlobalSection(SolutionConfigurationPlatforms) = preSolution
		Debug|Any CPU = Debug|Any CPU
		Release|Any CPU = Release|Any CPU
	EndGlobalSection
	GlobalSection(ProjectConfigurationPlatforms) = postSolution
		{3203DFD2-DA5B-47B3-B009-18DD9C401FC3}.Debug|Any CPU.ActiveCfg = Debug|Any CPU
		{3203DFD2-DA5B-47B3-B009-18DD9C401FC3}.Debug|Any CPU.Build.0 = Debug|Any CPU
		{3203DFD2-DA5B-47B3-B009-18DD9C401FC3}.Release|Any CPU.ActiveCfg = Release|Any CPU
		{3203DFD2-DA5B-47B3-B009-18DD9C401FC3}.Release|Any CPU.Build.0 = Release|Any CPU
		{2CF318E2-04B5-40FC-9577-6DAC62B86FB2}.Debug|Any CPU.ActiveCfg = Debug|Any CPU
		{2CF318E2-04B5-40FC-9577-6DAC62B86FB2}.Debug|Any CPU.Build.0 = Debug|Any CPU
		{2CF318E2-04B5-40FC-9577-6DAC62B86FB2}.Release|Any CPU.ActiveCfg = Release|Any CPU
		{2CF318E2-04B5-40FC-9577-6DAC62B86FB2}.Release|Any CPU.Build.0 = Release|Any CPU
		{A5324295-6BD2-4415-92CD-6EA77D708E00}.Debug|Any CPU.ActiveCfg = Debug|Any CPU
		{A5324295-6BD2-4415-92CD-6EA77D708E00}.Debug|Any CPU.Build.0 = Debug|Any CPU
		{A5324295-6BD2-4415-92CD-6EA77D708E00}.Release|Any CPU.ActiveCfg = Release|Any CPU
		{A5324295-6BD2-4415-92CD-6EA77D708E00}.Release|Any CPU.Build.0 = Release|Any CPU
		{33759E37-E2C6-4293-86A1-D1FEFBB957A7}.Debug|Any CPU.ActiveCfg = Debug|Any CPU
		{33759E37-E2C6-4293-86A1-D1FEFBB957A7}.Debug|Any CPU.Build.0 = Debug|Any CPU
		{33759E37-E2C6-4293-86A1-D1FEFBB957A7}.Release|Any CPU.ActiveCfg = Release|Any CPU
		{33759E37-E2C6-4293-86A1-D1FEFBB957A7}.Release|Any CPU.Build.0 = Release|Any CPU
		{40B6FC5F-E142-4D05-907D-F89DE7DAB4B5}.Debug|Any CPU.ActiveCfg = Debug|Any CPU
		{40B6FC5F-E142-4D05-907D-F89DE7DAB4B5}.Debug|Any CPU.Build.0 = Debug|Any CPU
		{40B6FC5F-E142-4D05-907D-F89DE7DAB4B5}.Release|Any CPU.ActiveCfg = Release|Any CPU
		{40B6FC5F-E142-4D05-907D-F89DE7DAB4B5}.Release|Any CPU.Build.0 = Release|Any CPU
		{FFE75762-F853-4EC8-9594-7BBDB4B8D87D}.Debug|Any CPU.ActiveCfg = Debug|Any CPU
		{FFE75762-F853-4EC8-9594-7BBDB4B8D87D}.Debug|Any CPU.Build.0 = Debug|Any CPU
		{FFE75762-F853-4EC8-9594-7BBDB4B8D87D}.Release|Any CPU.ActiveCfg = Release|Any CPU
		{FFE75762-F853-4EC8-9594-7BBDB4B8D87D}.Release|Any CPU.Build.0 = Release|Any CPU
	EndGlobalSection
	GlobalSection(SolutionProperties) = preSolution
		HideSolutionNode = FALSE
	EndGlobalSection
	GlobalSection(ExtensibilityGlobals) = postSolution
		SolutionGuid = {EDB881F4-713E-41C4-9AE4-8529EF715EC1}
	EndGlobalSection
EndGlobal
